// !$*UTF8*$!
{
	archiveVersion = 1;
	classes = {
	};
	objectVersion = 70;
	objects = {

/* Begin PBXBuildFile section */
		0EB905523B087433ECEF6D4A /* CollageJustifiedPacker.swift in Sources */ = {isa = PBXBuildFile; fileRef = D80D34236CBEAF5D27F230E8 /* CollageJustifiedPacker.swift */; };
		182302572D27F5E8CAF51B5C /* CollageDemoView.swift in Sources */ = {isa = PBXBuildFile; fileRef = CCD1CCE8A709DA71C2A875A6 /* CollageDemoView.swift */; };
		5D27C5841581CA3E578D30F3 /* ForegroundSegmenter.swift in Sources */ = {isa = PBXBuildFile; fileRef = 01E68B8F3075B2E7EA251F74 /* ForegroundSegmenter.swift */; };
		8C342F57B4F951623399D740 /* CollageDemoModel.swift in Sources */ = {isa = PBXBuildFile; fileRef = F4CB5253EF9205D3E6D04FBB /* CollageDemoModel.swift */; };
		906DA5E327318E66840EACFC /* ImageGeometry.swift in Sources */ = {isa = PBXBuildFile; fileRef = DB88E5A21C990226C4367841 /* ImageGeometry.swift */; };
		AA0001001A000001001A0001 /* SnapshotCollageView.swift in Sources */ = {isa = PBXBuildFile; fileRef = AA0001001A000001001A0002 /* SnapshotCollageView.swift */; };
		AA0002001A000001001A0001 /* SnapshotCollageModel.swift in Sources */ = {isa = PBXBuildFile; fileRef = AA0002001A000001001A0002 /* SnapshotCollageModel.swift */; };
		AA0003001A000001001A0001 /* ItemIdentifier.swift in Sources */ = {isa = PBXBuildFile; fileRef = AA0003001A000001001A0002 /* ItemIdentifier.swift */; };
		AA0004001A000001001A0001 /* SimilarImageSearch.swift in Sources */ = {isa = PBXBuildFile; fileRef = AA0004001A000001001A0002 /* SimilarImageSearch.swift */; };
		AA0005001A000001001A0001 /* Secrets.swift in Sources */ = {isa = PBXBuildFile; fileRef = AA0005001A000001001A0002 /* Secrets.swift */; };
		AA0007001A000001001A0001 /* CapturedPhotoNormalizer.swift in Sources */ = {isa = PBXBuildFile; fileRef = AA0007001A000001001A0002 /* CapturedPhotoNormalizer.swift */; };
		B40001001A000001001A0001 /* BuyNothingApp.swift in Sources */ = {isa = PBXBuildFile; fileRef = B40000FF1A000001001A0001 /* BuyNothingApp.swift */; };
		B40001021A000001001A0001 /* ContentView.swift in Sources */ = {isa = PBXBuildFile; fileRef = B40001011A000001001A0001 /* ContentView.swift */; };
		B40001041A000001001A0001 /* Assets.xcassets in Resources */ = {isa = PBXBuildFile; fileRef = B40001031A000001001A0001 /* Assets.xcassets */; };
		B40001071A000001001A0001 /* Preview Assets.xcassets in Resources */ = {isa = PBXBuildFile; fileRef = B40001061A000001001A0001 /* Preview Assets.xcassets */; };
		BB0002001A000001001A0001 /* Item.swift in Sources */ = {isa = PBXBuildFile; fileRef = BB0001001A000001001A0001 /* Item.swift */; };
		BB0004001A000001001A0001 /* User.swift in Sources */ = {isa = PBXBuildFile; fileRef = BB0003001A000001001A0001 /* User.swift */; };
		BB0006001A000001001A0001 /* Nudge.swift in Sources */ = {isa = PBXBuildFile; fileRef = BB0005001A000001001A0001 /* Nudge.swift */; };
		BB0008001A000001001A0001 /* MockData.swift in Sources */ = {isa = PBXBuildFile; fileRef = BB0007001A000001001A0001 /* MockData.swift */; };
		CD7A8905F65BB2158EBB85E2 /* SyntheticToolImageGenerator.swift in Sources */ = {isa = PBXBuildFile; fileRef = 0092C0CB42EEF8BE31D29DAA /* SyntheticToolImageGenerator.swift */; };
		DB566D337C6F23DA9026D2DC /* ObjectOrientationAligner.swift in Sources */ = {isa = PBXBuildFile; fileRef = 5CBF6B66D92F68F09C867D85 /* ObjectOrientationAligner.swift */; };
		F459682324421EC473376370 /* DebugGroundTruthSegmenter.swift in Sources */ = {isa = PBXBuildFile; fileRef = CFE3F4F9C44D7E40CC7E4993 /* DebugGroundTruthSegmenter.swift */; };
		6E2C34921D6141C2B7E8A4A5 /* CollageLayout.swift in Sources */ = {isa = PBXBuildFile; fileRef = 342CF9B8C7CA43789BDD2861 /* CollageLayout.swift */; };
		270FF74038484AE7A898C9AF /* EverydayObjectQueries.swift in Sources */ = {isa = PBXBuildFile; fileRef = 351E5AC8C9B94EB48E781268 /* EverydayObjectQueries.swift */; };
		EF8C8730F06C4EBBB50BDBBB /* CollageScatterPacker.swift in Sources */ = {isa = PBXBuildFile; fileRef = BCEA9E4D12204C09AB14B426 /* CollageScatterPacker.swift */; };
		08232440E26C4AAEA9E6A17E /* EverydayObjectFeed.swift in Sources */ = {isa = PBXBuildFile; fileRef = 0658F48D93F442748F12C0FA /* EverydayObjectFeed.swift */; };
		1716E13EC6B244C89A2ECB30 /* CollageBrowserModel.swift in Sources */ = {isa = PBXBuildFile; fileRef = 9AF5C96D29F24A2BAF359ACA /* CollageBrowserModel.swift */; };
		69B9B4E2ABEC4C999BCDC786 /* CollageCanvasView.swift in Sources */ = {isa = PBXBuildFile; fileRef = 14646BA6B29444FB967840F3 /* CollageCanvasView.swift */; };
		518EDF5F489C4F4B886360B0 /* CollageBrowserView.swift in Sources */ = {isa = PBXBuildFile; fileRef = EA26A55184CA47CAB6BE66F7 /* CollageBrowserView.swift */; };
		D0B9911627C444C18A071676 /* CollageDebugConfigView.swift in Sources */ = {isa = PBXBuildFile; fileRef = C0667FA16CE14BD89AA61AA8 /* CollageDebugConfigView.swift */; };
/* End PBXBuildFile section */

/* Begin PBXContainerItemProxy section */
		170F0DF2303BB4DE001A0D79 /* PBXContainerItemProxy */ = {
			isa = PBXContainerItemProxy;
			containerPortal = B40000F41A000001001A0001 /* Project object */;
			proxyType = 1;
			remoteGlobalIDString = B40000FB1A000001001A0001;
			remoteInfo = BuyNothing;
		};
/* End PBXContainerItemProxy section */

/* Begin PBXFileReference section */
		0092C0CB42EEF8BE31D29DAA /* SyntheticToolImageGenerator.swift */ = {isa = PBXFileReference; lastKnownFileType = sourcecode.swift; path = SyntheticToolImageGenerator.swift; sourceTree = "<group>"; };
		01E68B8F3075B2E7EA251F74 /* ForegroundSegmenter.swift */ = {isa = PBXFileReference; lastKnownFileType = sourcecode.swift; path = ForegroundSegmenter.swift; sourceTree = "<group>"; };
		170F0DEE303BB4DE001A0D79 /* BuyNothingTests.xctest */ = {isa = PBXFileReference; explicitFileType = wrapper.cfbundle; includeInIndex = 0; path = BuyNothingTests.xctest; sourceTree = BUILT_PRODUCTS_DIR; };
		5CBF6B66D92F68F09C867D85 /* ObjectOrientationAligner.swift */ = {isa = PBXFileReference; lastKnownFileType = sourcecode.swift; path = ObjectOrientationAligner.swift; sourceTree = "<group>"; };
		AA0001001A000001001A0002 /* SnapshotCollageView.swift */ = {isa = PBXFileReference; lastKnownFileType = sourcecode.swift; path = SnapshotCollageView.swift; sourceTree = "<group>"; };
		AA0002001A000001001A0002 /* SnapshotCollageModel.swift */ = {isa = PBXFileReference; lastKnownFileType = sourcecode.swift; path = SnapshotCollageModel.swift; sourceTree = "<group>"; };
		AA0003001A000001001A0002 /* ItemIdentifier.swift */ = {isa = PBXFileReference; lastKnownFileType = sourcecode.swift; path = ItemIdentifier.swift; sourceTree = "<group>"; };
		AA0004001A000001001A0002 /* SimilarImageSearch.swift */ = {isa = PBXFileReference; lastKnownFileType = sourcecode.swift; path = SimilarImageSearch.swift; sourceTree = "<group>"; };
		AA0005001A000001001A0002 /* Secrets.swift */ = {isa = PBXFileReference; lastKnownFileType = sourcecode.swift; path = Secrets.swift; sourceTree = "<group>"; };
		AA0006001A000001001A0002 /* Secrets.example.swift */ = {isa = PBXFileReference; lastKnownFileType = sourcecode.swift; path = Secrets.example.swift; sourceTree = "<group>"; };
		AA0007001A000001001A0002 /* CapturedPhotoNormalizer.swift */ = {isa = PBXFileReference; lastKnownFileType = sourcecode.swift; path = CapturedPhotoNormalizer.swift; sourceTree = "<group>"; };
		B40000FC1A000001001A0001 /* BuyNothing.app */ = {isa = PBXFileReference; explicitFileType = wrapper.application; includeInIndex = 0; path = BuyNothing.app; sourceTree = BUILT_PRODUCTS_DIR; };
		B40000FF1A000001001A0001 /* BuyNothingApp.swift */ = {isa = PBXFileReference; lastKnownFileType = sourcecode.swift; path = BuyNothingApp.swift; sourceTree = "<group>"; };
		B40001011A000001001A0001 /* ContentView.swift */ = {isa = PBXFileReference; lastKnownFileType = sourcecode.swift; path = ContentView.swift; sourceTree = "<group>"; };
		B40001031A000001001A0001 /* Assets.xcassets */ = {isa = PBXFileReference; lastKnownFileType = folder.assetcatalog; path = Assets.xcassets; sourceTree = "<group>"; };
		B40001061A000001001A0001 /* Preview Assets.xcassets */ = {isa = PBXFileReference; lastKnownFileType = folder.assetcatalog; path = "Preview Assets.xcassets"; sourceTree = "<group>"; };
		BB0001001A000001001A0001 /* Item.swift */ = {isa = PBXFileReference; lastKnownFileType = sourcecode.swift; path = Item.swift; sourceTree = "<group>"; };
		BB0003001A000001001A0001 /* User.swift */ = {isa = PBXFileReference; lastKnownFileType = sourcecode.swift; path = User.swift; sourceTree = "<group>"; };
		BB0005001A000001001A0001 /* Nudge.swift */ = {isa = PBXFileReference; lastKnownFileType = sourcecode.swift; path = Nudge.swift; sourceTree = "<group>"; };
		BB0007001A000001001A0001 /* MockData.swift */ = {isa = PBXFileReference; lastKnownFileType = sourcecode.swift; path = MockData.swift; sourceTree = "<group>"; };
		CCD1CCE8A709DA71C2A875A6 /* CollageDemoView.swift */ = {isa = PBXFileReference; lastKnownFileType = sourcecode.swift; path = CollageDemoView.swift; sourceTree = "<group>"; };
		CFE3F4F9C44D7E40CC7E4993 /* DebugGroundTruthSegmenter.swift */ = {isa = PBXFileReference; lastKnownFileType = sourcecode.swift; path = DebugGroundTruthSegmenter.swift; sourceTree = "<group>"; };
		D80D34236CBEAF5D27F230E8 /* CollageJustifiedPacker.swift */ = {isa = PBXFileReference; lastKnownFileType = sourcecode.swift; path = CollageJustifiedPacker.swift; sourceTree = "<group>"; };
		DB88E5A21C990226C4367841 /* ImageGeometry.swift */ = {isa = PBXFileReference; lastKnownFileType = sourcecode.swift; path = ImageGeometry.swift; sourceTree = "<group>"; };
		F4CB5253EF9205D3E6D04FBB /* CollageDemoModel.swift */ = {isa = PBXFileReference; lastKnownFileType = sourcecode.swift; path = CollageDemoModel.swift; sourceTree = "<group>"; };
		342CF9B8C7CA43789BDD2861 /* CollageLayout.swift */ = {isa = PBXFileReference; lastKnownFileType = sourcecode.swift; path = CollageLayout.swift; sourceTree = "<group>"; };
		351E5AC8C9B94EB48E781268 /* EverydayObjectQueries.swift */ = {isa = PBXFileReference; lastKnownFileType = sourcecode.swift; path = EverydayObjectQueries.swift; sourceTree = "<group>"; };
		BCEA9E4D12204C09AB14B426 /* CollageScatterPacker.swift */ = {isa = PBXFileReference; lastKnownFileType = sourcecode.swift; path = CollageScatterPacker.swift; sourceTree = "<group>"; };
		0658F48D93F442748F12C0FA /* EverydayObjectFeed.swift */ = {isa = PBXFileReference; lastKnownFileType = sourcecode.swift; path = EverydayObjectFeed.swift; sourceTree = "<group>"; };
		9AF5C96D29F24A2BAF359ACA /* CollageBrowserModel.swift */ = {isa = PBXFileReference; lastKnownFileType = sourcecode.swift; path = CollageBrowserModel.swift; sourceTree = "<group>"; };
		14646BA6B29444FB967840F3 /* CollageCanvasView.swift */ = {isa = PBXFileReference; lastKnownFileType = sourcecode.swift; path = CollageCanvasView.swift; sourceTree = "<group>"; };
		EA26A55184CA47CAB6BE66F7 /* CollageBrowserView.swift */ = {isa = PBXFileReference; lastKnownFileType = sourcecode.swift; path = CollageBrowserView.swift; sourceTree = "<group>"; };
		C0667FA16CE14BD89AA61AA8 /* CollageDebugConfigView.swift */ = {isa = PBXFileReference; lastKnownFileType = sourcecode.swift; path = CollageDebugConfigView.swift; sourceTree = "<group>"; };
/* End PBXFileReference section */

/* Begin PBXFileSystemSynchronizedRootGroup section */
		170F0DEF303BB4DE001A0D79 /* BuyNothingTests */ = {isa = PBXFileSystemSynchronizedRootGroup; explicitFileTypes = {}; explicitFolders = (); path = BuyNothingTests; sourceTree = "<group>"; };
/* End PBXFileSystemSynchronizedRootGroup section */

/* Begin PBXFrameworksBuildPhase section */
		170F0DEB303BB4DE001A0D79 /* Frameworks */ = {
			isa = PBXFrameworksBuildPhase;
			buildActionMask = 2147483647;
			files = (
			);
			runOnlyForDeploymentPostprocessing = 0;
		};
		B40000F91A000001001A0001 /* Frameworks */ = {
			isa = PBXFrameworksBuildPhase;
			buildActionMask = 2147483647;
			files = (
			);
			runOnlyForDeploymentPostprocessing = 0;
		};
/* End PBXFrameworksBuildPhase section */

/* Begin PBXGroup section */
		AA0010001A000001001A0001 /* Views */ = {
			isa = PBXGroup;
			children = (
				C0667FA16CE14BD89AA61AA8 /* CollageDebugConfigView.swift */,
				EA26A55184CA47CAB6BE66F7 /* CollageBrowserView.swift */,
				14646BA6B29444FB967840F3 /* CollageCanvasView.swift */,
				AA0001001A000001001A0002 /* SnapshotCollageView.swift */,
			);
			path = Views;
			sourceTree = "<group>";
		};
		AA0020001A000001001A0001 /* Config */ = {
			isa = PBXGroup;
			children = (
				AA0005001A000001001A0002 /* Secrets.swift */,
				AA0006001A000001001A0002 /* Secrets.example.swift */,
			);
			path = Config;
			sourceTree = "<group>";
		};
		AA0030001A000001001A0001 /* Services */ = {
			isa = PBXGroup;
			children = (
				AA0007001A000001001A0002 /* CapturedPhotoNormalizer.swift */,
			);
			path = Services;
			sourceTree = "<group>";
		};
		B40000F31A000001001A0001 = {
			isa = PBXGroup;
			children = (
				B40000FE1A000001001A0001 /* BuyNothing */,
				170F0DEF303BB4DE001A0D79 /* BuyNothingTests */,
				B40000FD1A000001001A0001 /* Products */,
			);
			sourceTree = "<group>";
		};
		B40000FD1A000001001A0001 /* Products */ = {
			isa = PBXGroup;
			children = (
				B40000FC1A000001001A0001 /* BuyNothing.app */,
				170F0DEE303BB4DE001A0D79 /* BuyNothingTests.xctest */,
			);
			name = Products;
			sourceTree = "<group>";
		};
		B40000FE1A000001001A0001 /* BuyNothing */ = {
			isa = PBXGroup;
			children = (
				B40000FF1A000001001A0001 /* BuyNothingApp.swift */,
				B40001011A000001001A0001 /* ContentView.swift */,
				CCD1CCE8A709DA71C2A875A6 /* CollageDemoView.swift */,
				F4CB5253EF9205D3E6D04FBB /* CollageDemoModel.swift */,
				AA0010001A000001001A0001 /* Views */,
				BB000A001A000001001A0001 /* Models */,
				AA0020001A000001001A0001 /* Config */,
				AA0030001A000001001A0001 /* Services */,
				FB76A966DD2D89A5ADAD2461 /* Utilities */,
				B40001031A000001001A0001 /* Assets.xcassets */,
				B40001051A000001001A0001 /* Preview Content */,
			);
			path = BuyNothing;
			sourceTree = "<group>";
		};
		B40001051A000001001A0001 /* Preview Content */ = {
			isa = PBXGroup;
			children = (
				B40001061A000001001A0001 /* Preview Assets.xcassets */,
			);
			path = "Preview Content";
			sourceTree = "<group>";
		};
		BB000A001A000001001A0001 /* Models */ = {
			isa = PBXGroup;
			children = (
				9AF5C96D29F24A2BAF359ACA /* CollageBrowserModel.swift */,
				BB0001001A000001001A0001 /* Item.swift */,
				BB0003001A000001001A0001 /* User.swift */,
				BB0005001A000001001A0001 /* Nudge.swift */,
				BB0007001A000001001A0001 /* MockData.swift */,
				AA0002001A000001001A0002 /* SnapshotCollageModel.swift */,
			);
			path = Models;
			sourceTree = "<group>";
		};
		FB76A966DD2D89A5ADAD2461 /* Utilities */ = {
			isa = PBXGroup;
			children = (
				0658F48D93F442748F12C0FA /* EverydayObjectFeed.swift */,
				BCEA9E4D12204C09AB14B426 /* CollageScatterPacker.swift */,
				351E5AC8C9B94EB48E781268 /* EverydayObjectQueries.swift */,
				342CF9B8C7CA43789BDD2861 /* CollageLayout.swift */,
				0092C0CB42EEF8BE31D29DAA /* SyntheticToolImageGenerator.swift */,
				01E68B8F3075B2E7EA251F74 /* ForegroundSegmenter.swift */,
				5CBF6B66D92F68F09C867D85 /* ObjectOrientationAligner.swift */,
				DB88E5A21C990226C4367841 /* ImageGeometry.swift */,
				D80D34236CBEAF5D27F230E8 /* CollageJustifiedPacker.swift */,
				CFE3F4F9C44D7E40CC7E4993 /* DebugGroundTruthSegmenter.swift */,
				AA0003001A000001001A0002 /* ItemIdentifier.swift */,
				AA0004001A000001001A0002 /* SimilarImageSearch.swift */,
			);
			path = Utilities;
			sourceTree = "<group>";
		};
/* End PBXGroup section */

/* Begin PBXNativeTarget section */
		170F0DED303BB4DE001A0D79 /* BuyNothingTests */ = {
			isa = PBXNativeTarget;
			buildConfigurationList = 170F0DF6303BB4DE001A0D79 /* Build configuration list for PBXNativeTarget "BuyNothingTests" */;
			buildPhases = (
				170F0DEA303BB4DE001A0D79 /* Sources */,
				170F0DEB303BB4DE001A0D79 /* Frameworks */,
				170F0DEC303BB4DE001A0D79 /* Resources */,
			);
			buildRules = (
			);
			dependencies = (
				170F0DF3303BB4DE001A0D79 /* PBXTargetDependency */,
			);
			fileSystemSynchronizedGroups = (
				170F0DEF303BB4DE001A0D79 /* BuyNothingTests */,
			);
			name = BuyNothingTests;
			packageProductDependencies = (
			);
			productName = BuyNothingTests;
			productReference = 170F0DEE303BB4DE001A0D79 /* BuyNothingTests.xctest */;
			productType = "com.apple.product-type.bundle.unit-test";
		};
		B40000FB1A000001001A0001 /* BuyNothing */ = {
			isa = PBXNativeTarget;
			buildConfigurationList = B400010A1A000001001A0001 /* Build configuration list for PBXNativeTarget "BuyNothing" */;
			buildPhases = (
				B40000F81A000001001A0001 /* Sources */,
				B40000F91A000001001A0001 /* Frameworks */,
				B40000FA1A000001001A0001 /* Resources */,
			);
			buildRules = (
			);
			dependencies = (
			);
			name = BuyNothing;
			productName = BuyNothing;
			productReference = B40000FC1A000001001A0001 /* BuyNothing.app */;
			productType = "com.apple.product-type.application";
		};
/* End PBXNativeTarget section */

/* Begin PBXProject section */
		B40000F41A000001001A0001 /* Project object */ = {
			isa = PBXProject;
			attributes = {
				BuildIndependentTargetsInParallel = 1;
				LastSwiftUpdateCheck = 2630;
				LastUpgradeCheck = 1540;
				TargetAttributes = {
					170F0DED303BB4DE001A0D79 = {
						CreatedOnToolsVersion = 26.3;
						TestTargetID = B40000FB1A000001001A0001;
					};
					B40000FB1A000001001A0001 = {
						CreatedOnToolsVersion = 15.4;
					};
				};
			};
			buildConfigurationList = B40000F71A000001001A0001 /* Build configuration list for PBXProject "BuyNothing" */;
			compatibilityVersion = "Xcode 14.0";
			developmentRegion = en;
			hasScannedForEncodings = 0;
			knownRegions = (
				en,
				Base,
			);
			mainGroup = B40000F31A000001001A0001;
			productRefGroup = B40000FD1A000001001A0001 /* Products */;
			projectDirPath = "";
			projectRoot = "";
			targets = (
				B40000FB1A000001001A0001 /* BuyNothing */,
				170F0DED303BB4DE001A0D79 /* BuyNothingTests */,
			);
		};
/* End PBXProject section */

/* Begin PBXResourcesBuildPhase section */
		170F0DEC303BB4DE001A0D79 /* Resources */ = {
			isa = PBXResourcesBuildPhase;
			buildActionMask = 2147483647;
			files = (
			);
			runOnlyForDeploymentPostprocessing = 0;
		};
		B40000FA1A000001001A0001 /* Resources */ = {
			isa = PBXResourcesBuildPhase;
			buildActionMask = 2147483647;
			files = (
				B40001071A000001001A0001 /* Preview Assets.xcassets in Resources */,
				B40001041A000001001A0001 /* Assets.xcassets in Resources */,
			);
			runOnlyForDeploymentPostprocessing = 0;
		};
/* End PBXResourcesBuildPhase section */

/* Begin PBXSourcesBuildPhase section */
		B40000F81A000001001A0001 /* Sources */ = {
			isa = PBXSourcesBuildPhase;
			buildActionMask = 2147483647;
			files = (
				D0B9911627C444C18A071676 /* CollageDebugConfigView.swift in Sources */,
				518EDF5F489C4F4B886360B0 /* CollageBrowserView.swift in Sources */,
				69B9B4E2ABEC4C999BCDC786 /* CollageCanvasView.swift in Sources */,
				1716E13EC6B244C89A2ECB30 /* CollageBrowserModel.swift in Sources */,
				08232440E26C4AAEA9E6A17E /* EverydayObjectFeed.swift in Sources */,
				EF8C8730F06C4EBBB50BDBBB /* CollageScatterPacker.swift in Sources */,
				270FF74038484AE7A898C9AF /* EverydayObjectQueries.swift in Sources */,
				6E2C34921D6141C2B7E8A4A5 /* CollageLayout.swift in Sources */,
				B40001021A000001001A0001 /* ContentView.swift in Sources */,
				B40001001A000001001A0001 /* BuyNothingApp.swift in Sources */,
				BB0002001A000001001A0001 /* Item.swift in Sources */,
				BB0004001A000001001A0001 /* User.swift in Sources */,
				BB0006001A000001001A0001 /* Nudge.swift in Sources */,
				BB0008001A000001001A0001 /* MockData.swift in Sources */,
				182302572D27F5E8CAF51B5C /* CollageDemoView.swift in Sources */,
				8C342F57B4F951623399D740 /* CollageDemoModel.swift in Sources */,
				CD7A8905F65BB2158EBB85E2 /* SyntheticToolImageGenerator.swift in Sources */,
				5D27C5841581CA3E578D30F3 /* ForegroundSegmenter.swift in Sources */,
				DB566D337C6F23DA9026D2DC /* ObjectOrientationAligner.swift in Sources */,
				906DA5E327318E66840EACFC /* ImageGeometry.swift in Sources */,
				0EB905523B087433ECEF6D4A /* CollageJustifiedPacker.swift in Sources */,
				F459682324421EC473376370 /* DebugGroundTruthSegmenter.swift in Sources */,
				AA0001001A000001001A0001 /* SnapshotCollageView.swift in Sources */,
				AA0002001A000001001A0001 /* SnapshotCollageModel.swift in Sources */,
				AA0003001A000001001A0001 /* ItemIdentifier.swift in Sources */,
				AA0004001A000001001A0001 /* SimilarImageSearch.swift in Sources */,
				AA0005001A000001001A0001 /* Secrets.swift in Sources */,
				AA0007001A000001001A0001 /* CapturedPhotoNormalizer.swift in Sources */,
			);
			runOnlyForDeploymentPostprocessing = 0;
		};
		170F0DEA303BB4DE001A0D79 /* Sources */ = {
			isa = PBXSourcesBuildPhase;
			buildActionMask = 2147483647;
			files = (
			);
			runOnlyForDeploymentPostprocessing = 0;
		};
/* End PBXSourcesBuildPhase section */

/* Begin PBXTargetDependency section */
		170F0DF3303BB4DE001A0D79 /* PBXTargetDependency */ = {
			isa = PBXTargetDependency;
			target = B40000FB1A000001001A0001 /* BuyNothing */;
			targetProxy = 170F0DF2303BB4DE001A0D79 /* PBXContainerItemProxy */;
		};
/* End PBXTargetDependency section */

/* Begin XCBuildConfiguration section */
		170F0DF4303BB4DE001A0D79 /* Debug */ = {
			isa = XCBuildConfiguration;
			buildSettings = {
				BUNDLE_LOADER = "$(TEST_HOST)";
				CODE_SIGN_STYLE = Automatic;
				CURRENT_PROJECT_VERSION = 1;
				DEVELOPMENT_TEAM = K968G85B26;
				GENERATE_INFOPLIST_FILE = YES;
				IPHONEOS_DEPLOYMENT_TARGET = 26.2;
				MARKETING_VERSION = 1.0;
				PRODUCT_BUNDLE_IDENTIFIER = com.jcazamias.BuyNothingTests;
				PRODUCT_NAME = "$(TARGET_NAME)";
				STRING_CATALOG_GENERATE_SYMBOLS = NO;
				SWIFT_APPROACHABLE_CONCURRENCY = YES;
				SWIFT_EMIT_LOC_STRINGS = NO;
				SWIFT_UPCOMING_FEATURE_MEMBER_IMPORT_VISIBILITY = YES;
				SWIFT_VERSION = 5.0;
				TARGETED_DEVICE_FAMILY = "1,2";
				TEST_HOST = "$(BUILT_PRODUCTS_DIR)/BuyNothing.app/$(BUNDLE_EXECUTABLE_FOLDER_PATH)/BuyNothing";
			};
			name = Debug;
		};
		170F0DF5303BB4DE001A0D79 /* Release */ = {
			isa = XCBuildConfiguration;
			buildSettings = {
				BUNDLE_LOADER = "$(TEST_HOST)";
				CODE_SIGN_STYLE = Automatic;
				CURRENT_PROJECT_VERSION = 1;
				DEVELOPMENT_TEAM = K968G85B26;
				GENERATE_INFOPLIST_FILE = YES;
				IPHONEOS_DEPLOYMENT_TARGET = 26.2;
				MARKETING_VERSION = 1.0;
				PRODUCT_BUNDLE_IDENTIFIER = com.jcazamias.BuyNothingTests;
				PRODUCT_NAME = "$(TARGET_NAME)";
				STRING_CATALOG_GENERATE_SYMBOLS = NO;
				SWIFT_APPROACHABLE_CONCURRENCY = YES;
				SWIFT_EMIT_LOC_STRINGS = NO;
				SWIFT_UPCOMING_FEATURE_MEMBER_IMPORT_VISIBILITY = YES;
				SWIFT_VERSION = 5.0;
				TARGETED_DEVICE_FAMILY = "1,2";
				TEST_HOST = "$(BUILT_PRODUCTS_DIR)/BuyNothing.app/$(BUNDLE_EXECUTABLE_FOLDER_PATH)/BuyNothing";
			};
			name = Release;
		};
		B40001081A000001001A0001 /* Debug */ = {
			isa = XCBuildConfiguration;
			buildSettings = {
				ALWAYS_SEARCH_USER_PATHS = NO;
				ASSETCATALOG_COMPILER_GENERATE_SWIFT_ASSET_SYMBOL_EXTENSIONS = YES;
				CLANG_ANALYZER_NONNULL = YES;
				CLANG_ANALYZER_NUMBER_OBJECT_CONVERSION = YES_AGGRESSIVE;
				CLANG_CXX_LANGUAGE_STANDARD = "gnu++20";
				CLANG_ENABLE_MODULES = YES;
				CLANG_ENABLE_OBJC_ARC = YES;
				CLANG_ENABLE_OBJC_WEAK = YES;
				CLANG_WARN_BLOCK_CAPTURE_AUTORELEASING = YES;
				CLANG_WARN_BOOL_CONVERSION = YES;
				CLANG_WARN_COMMA = YES;
				CLANG_WARN_CONSTANT_CONVERSION = YES;
				CLANG_WARN_DEPRECATED_OBJC_IMPLEMENTATIONS = YES;
				CLANG_WARN_DIRECT_OBJC_ISA_USAGE = YES_ERROR;
				CLANG_WARN_DOCUMENTATION_COMMENTS = YES;
				CLANG_WARN_EMPTY_BODY = YES;
				CLANG_WARN_ENUM_CONVERSION = YES;
				CLANG_WARN_INFINITE_RECURSION = YES;
				CLANG_WARN_INT_CONVERSION = YES;
				CLANG_WARN_NON_LITERAL_NULL_CONVERSION = YES;
				CLANG_WARN_OBJC_IMPLICIT_RETAIN_SELF = YES;
				CLANG_WARN_OBJC_LITERAL_CONVERSION = YES;
				CLANG_WARN_OBJC_ROOT_CLASS = YES_ERROR;
				CLANG_WARN_QUOTED_INCLUDE_IN_FRAMEWORK_HEADER = YES;
				CLANG_WARN_RANGE_LOOP_ANALYSIS = YES;
				CLANG_WARN_STRICT_PROTOTYPES = YES;
				CLANG_WARN_SUSPICIOUS_MOVE = YES;
				CLANG_WARN_UNGUARDED_AVAILABILITY = YES_AGGRESSIVE;
				CLANG_WARN_UNREACHABLE_CODE = YES;
				CLANG_WARN__DUPLICATE_METHOD_MATCH = YES;
				COPY_PHASE_STRIP = NO;
				DEBUG_INFORMATION_FORMAT = dwarf;
				ENABLE_STRICT_OBJC_MSGSEND = YES;
				ENABLE_TESTABILITY = YES;
				ENABLE_USER_SCRIPT_SANDBOXING = YES;
				GCC_C_LANGUAGE_STANDARD = gnu17;
				GCC_DYNAMIC_NO_PIC = NO;
				GCC_NO_COMMON_BLOCKS = YES;
				GCC_OPTIMIZATION_LEVEL = 0;
				GCC_PREPROCESSOR_DEFINITIONS = (
					"DEBUG=1",
					"$(inherited)",
				);
				GCC_WARN_64_TO_32_BIT_CONVERSION = YES;
				GCC_WARN_ABOUT_RETURN_TYPE = YES_ERROR;
				GCC_WARN_UNDECLARED_SELECTOR = YES;
				GCC_WARN_UNINITIALIZED_AUTOS = YES_AGGRESSIVE;
				GCC_WARN_UNUSED_FUNCTION = YES;
				GCC_WARN_UNUSED_VARIABLE = YES;
				IPHONEOS_DEPLOYMENT_TARGET = 16.0;
				LOCALIZATION_PREFERS_STRING_CATALOGS = YES;
				MTL_ENABLE_DEBUG_INFO = INCLUDE_SOURCE;
				MTL_FAST_MATH = YES;
				ONLY_ACTIVE_ARCH = YES;
				SDKROOT = iphoneos;
				SWIFT_ACTIVE_COMPILATION_CONDITIONS = "DEBUG $(inherited)";
				SWIFT_OPTIMIZATION_LEVEL = "-Onone";
			};
			name = Debug;
		};
		B40001091A000001001A0001 /* Release */ = {
			isa = XCBuildConfiguration;
			buildSettings = {
				ALWAYS_SEARCH_USER_PATHS = NO;
				ASSETCATALOG_COMPILER_GENERATE_SWIFT_ASSET_SYMBOL_EXTENSIONS = YES;
				CLANG_ANALYZER_NONNULL = YES;
				CLANG_ANALYZER_NUMBER_OBJECT_CONVERSION = YES_AGGRESSIVE;
				CLANG_CXX_LANGUAGE_STANDARD = "gnu++20";
				CLANG_ENABLE_MODULES = YES;
				CLANG_ENABLE_OBJC_ARC = YES;
				CLANG_ENABLE_OBJC_WEAK = YES;
				CLANG_WARN_BLOCK_CAPTURE_AUTORELEASING = YES;
				CLANG_WARN_BOOL_CONVERSION = YES;
				CLANG_WARN_COMMA = YES;
				CLANG_WARN_CONSTANT_CONVERSION = YES;
				CLANG_WARN_DEPRECATED_OBJC_IMPLEMENTATIONS = YES;
				CLANG_WARN_DIRECT_OBJC_ISA_USAGE = YES_ERROR;
				CLANG_WARN_DOCUMENTATION_COMMENTS = YES;
				CLANG_WARN_EMPTY_BODY = YES;
				CLANG_WARN_ENUM_CONVERSION = YES;
				CLANG_WARN_INFINITE_RECURSION = YES;
				CLANG_WARN_INT_CONVERSION = YES;
				CLANG_WARN_NON_LITERAL_NULL_CONVERSION = YES;
				CLANG_WARN_OBJC_IMPLICIT_RETAIN_SELF = YES;
				CLANG_WARN_OBJC_LITERAL_CONVERSION = YES;
				CLANG_WARN_OBJC_ROOT_CLASS = YES_ERROR;
				CLANG_WARN_QUOTED_INCLUDE_IN_FRAMEWORK_HEADER = YES;
				CLANG_WARN_RANGE_LOOP_ANALYSIS = YES;
				CLANG_WARN_STRICT_PROTOTYPES = YES;
				CLANG_WARN_SUSPICIOUS_MOVE = YES;
				CLANG_WARN_UNGUARDED_AVAILABILITY = YES_AGGRESSIVE;
				CLANG_WARN_UNREACHABLE_CODE = YES;
				CLANG_WARN__DUPLICATE_METHOD_MATCH = YES;
				COPY_PHASE_STRIP = NO;
				DEBUG_INFORMATION_FORMAT = "dwarf-with-dsym";
				ENABLE_NS_ASSERTIONS = NO;
				ENABLE_STRICT_OBJC_MSGSEND = YES;
				ENABLE_USER_SCRIPT_SANDBOXING = YES;
				GCC_C_LANGUAGE_STANDARD = gnu17;
				GCC_NO_COMMON_BLOCKS = YES;
				GCC_WARN_64_TO_32_BIT_CONVERSION = YES;
				GCC_WARN_ABOUT_RETURN_TYPE = YES_ERROR;
				GCC_WARN_UNDECLARED_SELECTOR = YES;
				GCC_WARN_UNINITIALIZED_AUTOS = YES_AGGRESSIVE;
				GCC_WARN_UNUSED_FUNCTION = YES;
				GCC_WARN_UNUSED_VARIABLE = YES;
				IPHONEOS_DEPLOYMENT_TARGET = 16.0;
				LOCALIZATION_PREFERS_STRING_CATALOGS = YES;
				MTL_ENABLE_DEBUG_INFO = NO;
				MTL_FAST_MATH = YES;
				SDKROOT = iphoneos;
				SWIFT_COMPILATION_MODE = wholemodule;
				VALIDATE_PRODUCT = YES;
			};
			name = Release;
		};
		B400010B1A000001001A0001 /* Debug */ = {
			isa = XCBuildConfiguration;
			buildSettings = {
				ASSETCATALOG_COMPILER_APPICON_NAME = AppIcon;
				ASSETCATALOG_COMPILER_GLOBAL_ACCENT_COLOR_NAME = AccentColor;
				CODE_SIGN_STYLE = Automatic;
				CURRENT_PROJECT_VERSION = 1;
				DEVELOPMENT_ASSET_PATHS = "\"BuyNothing/Preview Content\"";
				DEVELOPMENT_TEAM = K968G85B26;
				ENABLE_PREVIEWS = YES;
				GENERATE_INFOPLIST_FILE = YES;
				INFOPLIST_KEY_CFBundleDisplayName = BuyNothing;
				INFOPLIST_KEY_LSApplicationCategoryType = "public.app-category.lifestyle";
				INFOPLIST_KEY_NSCameraUsageDescription = "BuyNothing uses the camera to automatically identify items you want to share.";
				INFOPLIST_KEY_NSMicrophoneUsageDescription = "BuyNothing uses the microphone for voice commands to make item selection easier.";
				INFOPLIST_KEY_NSSpeechRecognitionUsageDescription = "BuyNothing uses speech recognition to understand your voice commands for hands-free item selection.";
				INFOPLIST_KEY_UIApplicationSceneManifest_Generation = YES;
				INFOPLIST_KEY_UIApplicationSupportsIndirectInputEvents = YES;
				INFOPLIST_KEY_UILaunchScreen_Generation = YES;
				INFOPLIST_KEY_UISupportedInterfaceOrientations = UIInterfaceOrientationPortrait;
				INFOPLIST_KEY_UISupportedInterfaceOrientations_iPad = "UIInterfaceOrientationLandscapeLeft UIInterfaceOrientationLandscapeRight UIInterfaceOrientationPortrait UIInterfaceOrientationPortraitUpsideDown";
				IPHONEOS_DEPLOYMENT_TARGET = 16.0;
				LD_RUNPATH_SEARCH_PATHS = (
					"$(inherited)",
					"@executable_path/Frameworks",
				);
				MARKETING_VERSION = 1.0;
				PRODUCT_BUNDLE_IDENTIFIER = com.byno.app;
				PRODUCT_NAME = "$(TARGET_NAME)";
				SUPPORTED_PLATFORMS = "iphoneos iphonesimulator";
				SUPPORTS_MACCATALYST = NO;
				SUPPORTS_MAC_DESIGNED_FOR_IPHONE_IPAD = NO;
				SUPPORTS_XR_DESIGNED_FOR_IPHONE_IPAD = NO;
				SWIFT_EMIT_LOC_STRINGS = YES;
				SWIFT_VERSION = 5.0;
				TARGETED_DEVICE_FAMILY = "1,2";
			};
			name = Debug;
		};
		B400010C1A000001001A0001 /* Release */ = {
			isa = XCBuildConfiguration;
			buildSettings = {
				ASSETCATALOG_COMPILER_APPICON_NAME = AppIcon;
				ASSETCATALOG_COMPILER_GLOBAL_ACCENT_COLOR_NAME = AccentColor;
				CODE_SIGN_STYLE = Automatic;
				CURRENT_PROJECT_VERSION = 1;
				DEVELOPMENT_ASSET_PATHS = "\"BuyNothing/Preview Content\"";
				DEVELOPMENT_TEAM = K968G85B26;
				ENABLE_PREVIEWS = YES;
				GENERATE_INFOPLIST_FILE = YES;
				INFOPLIST_KEY_CFBundleDisplayName = BuyNothing;
				INFOPLIST_KEY_LSApplicationCategoryType = "public.app-category.lifestyle";
				INFOPLIST_KEY_NSCameraUsageDescription = "BuyNothing uses the camera to automatically identify items you want to share.";
				INFOPLIST_KEY_NSMicrophoneUsageDescription = "BuyNothing uses the microphone for voice commands to make item selection easier.";
				INFOPLIST_KEY_NSSpeechRecognitionUsageDescription = "BuyNothing uses speech recognition to understand your voice commands for hands-free item selection.";
				INFOPLIST_KEY_UIApplicationSceneManifest_Generation = YES;
				INFOPLIST_KEY_UIApplicationSupportsIndirectInputEvents = YES;
				INFOPLIST_KEY_UILaunchScreen_Generation = YES;
				INFOPLIST_KEY_UISupportedInterfaceOrientations = UIInterfaceOrientationPortrait;
				INFOPLIST_KEY_UISupportedInterfaceOrientations_iPad = "UIInterfaceOrientationLandscapeLeft UIInterfaceOrientationLandscapeRight UIInterfaceOrientationPortrait UIInterfaceOrientationPortraitUpsideDown";
				IPHONEOS_DEPLOYMENT_TARGET = 16.0;
				LD_RUNPATH_SEARCH_PATHS = (
					"$(inherited)",
					"@executable_path/Frameworks",
				);
				MARKETING_VERSION = 1.0;
				PRODUCT_BUNDLE_IDENTIFIER = com.byno.app;
				PRODUCT_NAME = "$(TARGET_NAME)";
				SUPPORTED_PLATFORMS = "iphoneos iphonesimulator";
				SUPPORTS_MACCATALYST = NO;
				SUPPORTS_MAC_DESIGNED_FOR_IPHONE_IPAD = NO;
				SUPPORTS_XR_DESIGNED_FOR_IPHONE_IPAD = NO;
				SWIFT_EMIT_LOC_STRINGS = YES;
				SWIFT_VERSION = 5.0;
				TARGETED_DEVICE_FAMILY = "1,2";
			};
			name = Release;
		};
/* End XCBuildConfiguration section */

/* Begin XCConfigurationList section */
		170F0DF6303BB4DE001A0D79 /* Build configuration list for PBXNativeTarget "BuyNothingTests" */ = {
			isa = XCConfigurationList;
			buildConfigurations = (
				170F0DF4303BB4DE001A0D79 /* Debug */,
				170F0DF5303BB4DE001A0D79 /* Release */,
			);
			defaultConfigurationIsVisible = 0;
			defaultConfigurationName = Release;
		};
		B40000F71A000001001A0001 /* Build configuration list for PBXProject "BuyNothing" */ = {
			isa = XCConfigurationList;
			buildConfigurations = (
				B40001081A000001001A0001 /* Debug */,
				B40001091A000001001A0001 /* Release */,
			);
			defaultConfigurationIsVisible = 0;
			defaultConfigurationName = Release;
		};
		B400010A1A000001001A0001 /* Build configuration list for PBXNativeTarget "BuyNothing" */ = {
			isa = XCConfigurationList;
			buildConfigurations = (
				B400010B1A000001001A0001 /* Debug */,
				B400010C1A000001001A0001 /* Release */,
			);
			defaultConfigurationIsVisible = 0;
			defaultConfigurationName = Release;
		};
/* End XCConfigurationList section */
	};
	rootObject = B40000F41A000001001A0001 /* Project object */;
}
